
Microsoft Visual Studio Solution File, Format Version 12.00
# Visual Studio Version 17
VisualStudioVersion = 17.14.36705.20
MinimumVisualStudioVersion = 10.0.40219.1
Project("{8BC9CEB8-8B4A-11D0-8D11-00A0C91BC942}") = "LAB0401", "LAB0401.vcxproj", "{8BFD683C-870A-4FB8-BF1C-D3D324B6BFEE}"
EndProject
Project("{8BC9CEB8-8B4A-11D0-8D11-00A0C91BC942}") = "LAB0402", "..\LAB0402\LAB0402.vcxproj", "{5709EEFE-4582-4D99-85C0-116995B3D401}"
EndProject
Project("{8BC9CEB8-8B4A-11D0-8D11-00A0C91BC942}") = "LAB0403", "..\LAB0403\LAB0403.vcxproj", "{2E7C1F19-43A6-41BC-BCD3-A49DB33B3543}"
EndProject
Project("{8BC9CEB8-8B4A-11D0-8D11-00A0C91BC942}") = "LAB0404", "..\LAB0404\LAB0404.vcxproj", "{C994F579-A0F1-4F9B-906D-B19EBA8C8D05}"
EndProject
Project("{8BC9CEB8-8B4A-11D0-8D11-00A0C91BC942}") = "LAB0405", "..\LAB0405\LAB0405.vcxproj", "{E2F37724-FE35-4F38-B23C-8540C8EBFF15}"
EndProject
Project("{8BC9CEB8-8B4A-11D0-8D11-00A0C91BC942}") = "LAB0406", "..\LAB0406\LAB0406.vcxproj", "{E85556D1-8F89-4340-95B3-5EA2053E307A}"
EndProject
Project("{8BC9CEB8-8B4A-11D0-8D11-00A0C91BC942}") = "LAB0407", "..\LAB0407\LAB0407.vcxproj", "{A2A69BF0-6E47-4818-B2F1-63476AD4F4F2}"
EndProject
Global
	GlobalSection(SolutionConfigurationPlatforms) = preSolution
		Debug|x64 = Debug|x64
		Debug|x86 = Debug|x86
		Release|x64 = Release|x64
		Release|x86 = Release|x86
	EndGlobalSection
	GlobalSection(ProjectConfigurationPlatforms) = postSolution
		{8BFD683C-870A-4FB8-BF1C-D3D324B6BFEE}.Debug|x64.ActiveCfg = Debug|x64
		{8BFD683C-870A-4FB8-BF1C-D3D324B6BFEE}.Debug|x64.Build.0 = Debug|x64
		{8BFD683C-870A-4FB8-BF1C-D3D324B6BFEE}.Debug|x86.ActiveCfg = Debug|Win32
		{8BFD683C-870A-4FB8-BF1C-D3D324B6BFEE}.Debug|x86.Build.0 = Debug|Win32
		{8BFD683C-870A-4FB8-BF1C-D3D324B6BFEE}.Release|x64.ActiveCfg = Release|x64
		{8BFD683C-870A-4FB8-BF1C-D3D324B6BFEE}.Release|x64.Build.0 = Release|x64
		{8BFD683C-870A-4FB8-BF1C-D3D324B6BFEE}.Release|x86.ActiveCfg = Release|Win32
		{8BFD683C-870A-4FB8-BF1C-D3D324B6BFEE}.Release|x86.Build.0 = Release|Win32
		{5709EEFE-4582-4D99-85C0-116995B3D401}.Debug|x64.ActiveCfg = Debug|x64
		{5709EEFE-4582-4D99-85C0-116995B3D401}.Debug|x64.Build.0 = Debug|x64
		{5709EEFE-4582-4D99-85C0-116995B3D401}.Debug|x86.ActiveCfg = Debug|Win32
		{5709EEFE-4582-4D99-85C0-116995B3D401}.Debug|x86.Build.0 = Debug|Win32
		{5709EEFE-4582-4D99-85C0-116995B3D401}.Release|x64.ActiveCfg = Release|x64
		{5709EEFE-4582-4D99-85C0-116995B3D401}.Release|x64.Build.0 = Release|x64
		{5709EEFE-4582-4D99-85C0-116995B3D401}.Release|x86.ActiveCfg = Release|Win32
		{5709EEFE-4582-4D99-85C0-116995B3D401}.Release|x86.Build.0 = Release|Win32
		{2E7C1F19-43A6-41BC-BCD3-A49DB33B3543}.Debug|x64.ActiveCfg = Debug|x64
		{2E7C1F19-43A6-41BC-BCD3-A49DB33B3543}.Debug|x64.Build.0 = Debug|x64
		{2E7C1F19-43A6-41BC-BCD3-A49DB33B3543}.Debug|x86.ActiveCfg = Debug|Win32
		{2E7C1F19-43A6-41BC-BCD3-A49DB33B3543}.Debug|x86.Build.0 = Debug|Win32
		{2E7C1F19-43A6-41BC-BCD3-A49DB33B3543}.Release|x64.ActiveCfg = Release|x64
		{2E7C1F19-43A6-41BC-BCD3-A49DB33B3543}.Release|x64.Build.0 = Release|x64
		{2E7C1F19-43A6-41BC-BCD3-A49DB33B3543}.Release|x86.ActiveCfg = Release|Win32
		{2E7C1F19-43A6-41BC-BCD3-A49DB33B3543}.Release|x86.Build.0 = Release|Win32
		{C994F579-A0F1-4F9B-906D-B19EBA8C8D05}.Debug|x64.ActiveCfg = Debug|x64
		{C994F579-A0F1-4F9B-906D-B19EBA8C8D05}.Debug|x64.Build.0 = Debug|x64
		{C994F579-A0F1-4F9B-906D-B19EBA8C8D05}.Debug|x86.ActiveCfg = Debug|Win32
		{C994F579-A0F1-4F9B-906D-B19EBA8C8D05}.Debug|x86.Build.0 = Debug|Win32
		{C994F579-A0F1-4F9B-906D-B19EBA8C8D05}.Release|x64.ActiveCfg = Release|x64
		{C994F579-A0F1-4F9B-906D-B19EBA8C8D05}.Release|x64.Build.0 = Release|x64
		{C994F579-A0F1-4F9B-906D-B19EBA8C8D05}.Release|x86.ActiveCfg = Release|Win32
		{C994F579-A0F1-4F9B-906D-B19EBA8C8D05}.Release|x86.Build.0 = Release|Win32
		{E2F37724-FE35-4F38-B23C-8540C8EBFF15}.Debug|x64.ActiveCfg = Debug|x64
		{E2F37724-FE35-4F38-B23C-8540C8EBFF15}.Debug|x64.Build.0 = Debug|x64
		{E2F37724-FE35-4F38-B23C-8540C8EBFF15}.Debug|x86.ActiveCfg = Debug|Win32
		{E2F37724-FE35-4F38-B23C-8540C8EBFF15}.Debug|x86.Build.0 = Debug|Win32
		{E2F37724-FE35-4F38-B23C-8540C8EBFF15}.Release|x64.ActiveCfg = Release|x64
		{E2F37724-FE35-4F38-B23C-8540C8EBFF15}.Release|x64.Build.0 = Release|x64
		{E2F37724-FE35-4F38-B23C-8540C8EBFF15}.Release|x86.ActiveCfg = Release|Win32
		{E2F37724-FE35-4F38-B23C-8540C8EBFF15}.Release|x86.Build.0 = Release|Win32
		{E85556D1-8F89-4340-95B3-5EA2053E307A}.Debug|x64.ActiveCfg = Debug|x64
		{E85556D1-8F89-4340-95B3-5EA2053E307A}.Debug|x64.Build.0 = Debug|x64
		{E85556D1-8F89-4340-95B3-5EA2053E307A}.Debug|x86.ActiveCfg = Debug|Win32
		{E85556D1-8F89-4340-95B3-5EA2053E307A}.Debug|x86.Build.0 = Debug|Win32
		{E85556D1-8F89-4340-95B3-5EA2053E307A}.Release|x64.ActiveCfg = Release|x64
		{E85556D1-8F89-4340-95B3-5EA2053E307A}.Release|x64.Build.0 = Release|x64
		{E85556D1-8F89-4340-95B3-5EA2053E307A}.Release|x86.ActiveCfg = Release|Win32
		{E85556D1-8F89-4340-95B3-5EA2053E307A}.Release|x86.Build.0 = Release|Win32
		{A2A69BF0-6E47-4818-B2F1-63476AD4F4F2}.Debug|x64.ActiveCfg = Debug|x64
		{A2A69BF0-6E47-4818-B2F1-63476AD4F4F2}.Debug|x64.Build.0 = Debug|x64
		{A2A69BF0-6E47-4818-B2F1-63476AD4F4F2}.Debug|x86.ActiveCfg = Debug|Win32
		{A2A69BF0-6E47-4818-B2F1-63476AD4F4F2}.Debug|x86.Build.0 = Debug|Win32
		{A2A69BF0-6E47-4818-B2F1-63476AD4F4F2}.Release|x64.ActiveCfg = Release|x64
		{A2A69BF0-6E47-4818-B2F1-63476AD4F4F2}.Release|x64.Build.0 = Release|x64
		{A2A69BF0-6E47-4818-B2F1-63476AD4F4F2}.Release|x86.ActiveCfg = Release|Win32
		{A2A69BF0-6E47-4818-B2F1-63476AD4F4F2}.Release|x86.Build.0 = Release|Win32
	EndGlobalSection
	GlobalSection(SolutionProperties) = preSolution
		HideSolutionNode = FALSE
	EndGlobalSection
	GlobalSection(ExtensibilityGlobals) = postSolution
		SolutionGuid = {83422B8A-04E7-4B30-B016-971B999356D8}
	EndGlobalSection
EndGlobal
