
Microsoft Visual Studio Solution File, Format Version 12.00
# Visual Studio Version 17
VisualStudioVersion = 17.14.36705.20 d17.14
MinimumVisualStudioVersion = 10.0.40219.1
Project("{8BC9CEB8-8B4A-11D0-8D11-00A0C91BC942}") = "LAB0901", "LAB0901.vcxproj", "{C7123CC7-D343-43BA-BA4F-37E64F0C2529}"
EndProject
Project("{8BC9CEB8-8B4A-11D0-8D11-00A0C91BC942}") = "LAB0902", "..\LAB0902\LAB0902.vcxproj", "{2D627504-7C8A-4AF0-A99B-6C1DD131E7DF}"
EndProject
Project("{8BC9CEB8-8B4A-11D0-8D11-00A0C91BC942}") = "LAB0903", "..\LAB0903\LAB0903.vcxproj", "{75C4899F-6BD1-47B1-B9AF-38DA30300643}"
EndProject
Project("{8BC9CEB8-8B4A-11D0-8D11-00A0C91BC942}") = "LAB0904", "..\LAB0904\LAB0904.vcxproj", "{FDC943A6-0463-49BC-AE3B-7D0968268820}"
EndProject
Project("{8BC9CEB8-8B4A-11D0-8D11-00A0C91BC942}") = "LAB0905", "..\LAB0905\LAB0905.vcxproj", "{4370FC7A-8B2D-45A1-BA53-7E1EE37218A4}"
EndProject
Project("{8BC9CEB8-8B4A-11D0-8D11-00A0C91BC942}") = "LAB0906", "..\LAB0906\LAB0906.vcxproj", "{962036E9-83E7-435F-BFA4-6E279C1EBEE8}"
EndProject
Global
	GlobalSection(SolutionConfigurationPlatforms) = preSolution
		Debug|x64 = Debug|x64
		Debug|x86 = Debug|x86
		Release|x64 = Release|x64
		Release|x86 = Release|x86
	EndGlobalSection
	GlobalSection(ProjectConfigurationPlatforms) = postSolution
		{C7123CC7-D343-43BA-BA4F-37E64F0C2529}.Debug|x64.ActiveCfg = Debug|x64
		{C7123CC7-D343-43BA-BA4F-37E64F0C2529}.Debug|x64.Build.0 = Debug|x64
		{C7123CC7-D343-43BA-BA4F-37E64F0C2529}.Debug|x86.ActiveCfg = Debug|Win32
		{C7123CC7-D343-43BA-BA4F-37E64F0C2529}.Debug|x86.Build.0 = Debug|Win32
		{C7123CC7-D343-43BA-BA4F-37E64F0C2529}.Release|x64.ActiveCfg = Release|x64
		{C7123CC7-D343-43BA-BA4F-37E64F0C2529}.Release|x64.Build.0 = Release|x64
		{C7123CC7-D343-43BA-BA4F-37E64F0C2529}.Release|x86.ActiveCfg = Release|Win32
		{C7123CC7-D343-43BA-BA4F-37E64F0C2529}.Release|x86.Build.0 = Release|Win32
		{2D627504-7C8A-4AF0-A99B-6C1DD131E7DF}.Debug|x64.ActiveCfg = Debug|x64
		{2D627504-7C8A-4AF0-A99B-6C1DD131E7DF}.Debug|x64.Build.0 = Debug|x64
		{2D627504-7C8A-4AF0-A99B-6C1DD131E7DF}.Debug|x86.ActiveCfg = Debug|Win32
		{2D627504-7C8A-4AF0-A99B-6C1DD131E7DF}.Debug|x86.Build.0 = Debug|Win32
		{2D627504-7C8A-4AF0-A99B-6C1DD131E7DF}.Release|x64.ActiveCfg = Release|x64
		{2D627504-7C8A-4AF0-A99B-6C1DD131E7DF}.Release|x64.Build.0 = Release|x64
		{2D627504-7C8A-4AF0-A99B-6C1DD131E7DF}.Release|x86.ActiveCfg = Release|Win32
		{2D627504-7C8A-4AF0-A99B-6C1DD131E7DF}.Release|x86.Build.0 = Release|Win32
		{75C4899F-6BD1-47B1-B9AF-38DA30300643}.Debug|x64.ActiveCfg = Debug|x64
		{75C4899F-6BD1-47B1-B9AF-38DA30300643}.Debug|x64.Build.0 = Debug|x64
		{75C4899F-6BD1-47B1-B9AF-38DA30300643}.Debug|x86.ActiveCfg = Debug|Win32
		{75C4899F-6BD1-47B1-B9AF-38DA30300643}.Debug|x86.Build.0 = Debug|Win32
		{75C4899F-6BD1-47B1-B9AF-38DA30300643}.Release|x64.ActiveCfg = Release|x64
		{75C4899F-6BD1-47B1-B9AF-38DA30300643}.Release|x64.Build.0 = Release|x64
		{75C4899F-6BD1-47B1-B9AF-38DA30300643}.Release|x86.ActiveCfg = Release|Win32
		{75C4899F-6BD1-47B1-B9AF-38DA30300643}.Release|x86.Build.0 = Release|Win32
		{FDC943A6-0463-49BC-AE3B-7D0968268820}.Debug|x64.ActiveCfg = Debug|x64
		{FDC943A6-0463-49BC-AE3B-7D0968268820}.Debug|x64.Build.0 = Debug|x64
		{FDC943A6-0463-49BC-AE3B-7D0968268820}.Debug|x86.ActiveCfg = Debug|Win32
		{FDC943A6-0463-49BC-AE3B-7D0968268820}.Debug|x86.Build.0 = Debug|Win32
		{FDC943A6-0463-49BC-AE3B-7D0968268820}.Release|x64.ActiveCfg = Release|x64
		{FDC943A6-0463-49BC-AE3B-7D0968268820}.Release|x64.Build.0 = Release|x64
		{FDC943A6-0463-49BC-AE3B-7D0968268820}.Release|x86.ActiveCfg = Release|Win32
		{FDC943A6-0463-49BC-AE3B-7D0968268820}.Release|x86.Build.0 = Release|Win32
		{4370FC7A-8B2D-45A1-BA53-7E1EE37218A4}.Debug|x64.ActiveCfg = Debug|x64
		{4370FC7A-8B2D-45A1-BA53-7E1EE37218A4}.Debug|x64.Build.0 = Debug|x64
		{4370FC7A-8B2D-45A1-BA53-7E1EE37218A4}.Debug|x86.ActiveCfg = Debug|Win32
		{4370FC7A-8B2D-45A1-BA53-7E1EE37218A4}.Debug|x86.Build.0 = Debug|Win32
		{4370FC7A-8B2D-45A1-BA53-7E1EE37218A4}.Release|x64.ActiveCfg = Release|x64
		{4370FC7A-8B2D-45A1-BA53-7E1EE37218A4}.Release|x64.Build.0 = Release|x64
		{4370FC7A-8B2D-45A1-BA53-7E1EE37218A4}.Release|x86.ActiveCfg = Release|Win32
		{4370FC7A-8B2D-45A1-BA53-7E1EE37218A4}.Release|x86.Build.0 = Release|Win32
		{962036E9-83E7-435F-BFA4-6E279C1EBEE8}.Debug|x64.ActiveCfg = Debug|x64
		{962036E9-83E7-435F-BFA4-6E279C1EBEE8}.Debug|x64.Build.0 = Debug|x64
		{962036E9-83E7-435F-BFA4-6E279C1EBEE8}.Debug|x86.ActiveCfg = Debug|Win32
		{962036E9-83E7-435F-BFA4-6E279C1EBEE8}.Debug|x86.Build.0 = Debug|Win32
		{962036E9-83E7-435F-BFA4-6E279C1EBEE8}.Release|x64.ActiveCfg = Release|x64
		{962036E9-83E7-435F-BFA4-6E279C1EBEE8}.Release|x64.Build.0 = Release|x64
		{962036E9-83E7-435F-BFA4-6E279C1EBEE8}.Release|x86.ActiveCfg = Release|Win32
		{962036E9-83E7-435F-BFA4-6E279C1EBEE8}.Release|x86.Build.0 = Release|Win32
	EndGlobalSection
	GlobalSection(SolutionProperties) = preSolution
		HideSolutionNode = FALSE
	EndGlobalSection
	GlobalSection(ExtensibilityGlobals) = postSolution
		SolutionGuid = {5D9418C3-6BA1-466F-858E-8A912254F89D}
	EndGlobalSection
EndGlobal
